
Microsoft Visual Studio Solution File, Format Version 12.00
Project("{2150E333-8FDC-42A3-9474-1A3956D46DE8}") = ".paket", ".paket", "{944CE7AC-A148-4113-BE8C-0294133BD89B}"
	ProjectSection(SolutionItems) = preProject
		paket.dependencies = paket.dependencies
	EndProjectSection
EndProject
Project("{F2A71F9B-5D33-465A-A702-920D77279786}") = "FableRemotingRepro", "FableRemotingRepro.fsproj", "{16B936A8-0FAE-4732-9B11-E82D2A686D04}"
EndProject
Global
	GlobalSection(SolutionConfigurationPlatforms) = preSolution
		Debug|Any CPU = Debug|Any CPU
		Release|Any CPU = Release|Any CPU
	EndGlobalSection
	GlobalSection(ProjectConfigurationPlatforms) = postSolution
		{16B936A8-0FAE-4732-9B11-E82D2A686D04}.Debug|Any CPU.ActiveCfg = Debug|Any CPU
		{16B936A8-0FAE-4732-9B11-E82D2A686D04}.Debug|Any CPU.Build.0 = Debug|Any CPU
		{16B936A8-0FAE-4732-9B11-E82D2A686D04}.Release|Any CPU.ActiveCfg = Release|Any CPU
		{16B936A8-0FAE-4732-9B11-E82D2A686D04}.Release|Any CPU.Build.0 = Release|Any CPU
	EndGlobalSection
EndGlobal
